
Microsoft Visual Studio Solution File, Format Version 12.00
# Visual Studio Version 16
VisualStudioVersion = 16.0.32228.343
MinimumVisualStudioVersion = 10.0.40219.1
Project("{FAE04EC0-301F-11D3-BF4B-00C04F79EFBC}") = "ApplicazioneViecoli", "ApplicazioneViecoli\ApplicazioneViecoli.csproj", "{8B283A9A-68B7-4775-9B41-C348D912FF34}"
EndProject
Global
	GlobalSection(SolutionConfigurationPlatforms) = preSolution
		Debug|Any CPU = Debug|Any CPU
		Release|Any CPU = Release|Any CPU
	EndGlobalSection
	GlobalSection(ProjectConfigurationPlatforms) = postSolution
		{8B283A9A-68B7-4775-9B41-C348D912FF34}.Debug|Any CPU.ActiveCfg = Debug|Any CPU
		{8B283A9A-68B7-4775-9B41-C348D912FF34}.Debug|Any CPU.Build.0 = Debug|Any CPU
		{8B283A9A-68B7-4775-9B41-C348D912FF34}.Release|Any CPU.ActiveCfg = Release|Any CPU
		{8B283A9A-68B7-4775-9B41-C348D912FF34}.Release|Any CPU.Build.0 = Release|Any CPU
	EndGlobalSection
	GlobalSection(SolutionProperties) = preSolution
		HideSolutionNode = FALSE
	EndGlobalSection
	GlobalSection(ExtensibilityGlobals) = postSolution
		SolutionGuid = {0A47EC07-736A-402E-8542-B060195F8A63}
	EndGlobalSection
EndGlobal
